
Microsoft Visual Studio Solution File, Format Version 12.00
# Visual Studio Version 16
VisualStudioVersion = 16.0.30709.132
MinimumVisualStudioVersion = 10.0.40219.1
Project("{2150E333-8FDC-42A3-9474-1A3956D46DE8}") = "Platforms", "Platforms", "{D8ACCE3C-58CD-4333-A19A-56F4E3803D97}"
EndProject
Project("{FAE04EC0-301F-11D3-BF4B-00C04F79EFBC}") = "FlyoutPositionTesting.Droid", "FlyoutPositionTesting\FlyoutPositionTesting.Droid\FlyoutPositionTesting.Droid.csproj", "{293B4B2B-415E-471A-992F-D63D699C8779}"
EndProject
Project("{FAE04EC0-301F-11D3-BF4B-00C04F79EFBC}") = "FlyoutPositionTesting.iOS", "FlyoutPositionTesting\FlyoutPositionTesting.iOS\FlyoutPositionTesting.iOS.csproj", "{7A1C3D17-35B9-4680-8E8A-0C37850B38FB}"
EndProject
Project("{FAE04EC0-301F-11D3-BF4B-00C04F79EFBC}") = "FlyoutPositionTesting.UWP", "FlyoutPositionTesting\FlyoutPositionTesting.UWP\FlyoutPositionTesting.UWP.csproj", "{31F2B0D7-219C-48C6-AC36-C952A0DC42D8}"
EndProject
Project("{FAE04EC0-301F-11D3-BF4B-00C04F79EFBC}") = "FlyoutPositionTesting.Wasm", "FlyoutPositionTesting\FlyoutPositionTesting.Wasm\FlyoutPositionTesting.Wasm.csproj", "{10D1D5F0-A0D1-442E-8E60-406A42A399CB}"
EndProject
Project("{FAE04EC0-301F-11D3-BF4B-00C04F79EFBC}") = "FlyoutPositionTesting.macOS", "FlyoutPositionTesting\FlyoutPositionTesting.macOS\FlyoutPositionTesting.macOS.csproj", "{ED54417D-6F38-448E-8B49-CB01B8821E10}"
EndProject
Project("{FAE04EC0-301F-11D3-BF4B-00C04F79EFBC}") = "FlyoutPositionTesting.Skia.Wpf.Host", "FlyoutPositionTesting\FlyoutPositionTesting.Skia.Wpf.Host\FlyoutPositionTesting.Skia.Wpf.Host.csproj", "{9BB2092A-210A-4BEF-9E6E-EC8BD326B9A4}"
EndProject
Project("{FAE04EC0-301F-11D3-BF4B-00C04F79EFBC}") = "FlyoutPositionTesting.Skia.Wpf", "FlyoutPositionTesting\FlyoutPositionTesting.Skia.Wpf\FlyoutPositionTesting.Skia.Wpf.csproj", "{1019E403-7723-4FFD-BB77-8B16759AC9D3}"
EndProject
Project("{FAE04EC0-301F-11D3-BF4B-00C04F79EFBC}") = "FlyoutPositionTesting.Skia.Gtk", "FlyoutPositionTesting\FlyoutPositionTesting.Skia.Gtk\FlyoutPositionTesting.Skia.Gtk.csproj", "{687D7F4C-D961-4A39-9FB5-09D108B50A6C}"
EndProject
Project("{FAE04EC0-301F-11D3-BF4B-00C04F79EFBC}") = "FlyoutPositionTesting.Skia.Tizen", "FlyoutPositionTesting\FlyoutPositionTesting.Skia.Tizen\FlyoutPositionTesting.Skia.Tizen.csproj", "{B9DA19B2-9CD5-4E0A-A3C2-9BC4FEBAEEA5}"
EndProject
Project("{D954291E-2A0B-460D-934E-DC6B0785DB48}") = "FlyoutPositionTesting.Shared", "FlyoutPositionTesting\FlyoutPositionTesting.Shared\FlyoutPositionTesting.Shared.shproj", "{6279C845-92F8-4333-AB99-3D213163593C}"
EndProject
Global
	GlobalSection(SharedMSBuildProjectFiles) = preSolution
		FlyoutPositionTesting\FlyoutPositionTesting.Shared\FlyoutPositionTesting.Shared.projitems*{1019e403-7723-4ffd-bb77-8b16759ac9d3}*SharedItemsImports = 5
		FlyoutPositionTesting\FlyoutPositionTesting.Shared\FlyoutPositionTesting.Shared.projitems*{10d1d5f0-a0d1-442e-8e60-406a42a399cb}*SharedItemsImports = 5
		FlyoutPositionTesting\FlyoutPositionTesting.Shared\FlyoutPositionTesting.Shared.projitems*{293b4b2b-415e-471a-992f-d63d699c8779}*SharedItemsImports = 4
		FlyoutPositionTesting\FlyoutPositionTesting.Shared\FlyoutPositionTesting.Shared.projitems*{31f2b0d7-219c-48c6-ac36-c952a0dc42d8}*SharedItemsImports = 4
		FlyoutPositionTesting\FlyoutPositionTesting.Shared\FlyoutPositionTesting.Shared.projitems*{6279c845-92f8-4333-ab99-3d213163593c}*SharedItemsImports = 13
		FlyoutPositionTesting\FlyoutPositionTesting.Shared\FlyoutPositionTesting.Shared.projitems*{687d7f4c-d961-4a39-9fb5-09d108b50a6c}*SharedItemsImports = 5
		FlyoutPositionTesting\FlyoutPositionTesting.Shared\FlyoutPositionTesting.Shared.projitems*{7a1c3d17-35b9-4680-8e8a-0c37850b38fb}*SharedItemsImports = 4
		FlyoutPositionTesting\FlyoutPositionTesting.Shared\FlyoutPositionTesting.Shared.projitems*{b9da19b2-9cd5-4e0a-a3c2-9bc4febaeea5}*SharedItemsImports = 5
		FlyoutPositionTesting\FlyoutPositionTesting.Shared\FlyoutPositionTesting.Shared.projitems*{ed54417d-6f38-448e-8b49-cb01b8821e10}*SharedItemsImports = 4
	EndGlobalSection
	GlobalSection(SolutionConfigurationPlatforms) = preSolution
		Ad-Hoc|Any CPU = Ad-Hoc|Any CPU
		Ad-Hoc|ARM = Ad-Hoc|ARM
		Ad-Hoc|ARM64 = Ad-Hoc|ARM64
		Ad-Hoc|iPhone = Ad-Hoc|iPhone
		Ad-Hoc|iPhoneSimulator = Ad-Hoc|iPhoneSimulator
		Ad-Hoc|x64 = Ad-Hoc|x64
		Ad-Hoc|x86 = Ad-Hoc|x86
		AppStore|Any CPU = AppStore|Any CPU
		AppStore|ARM = AppStore|ARM
		AppStore|ARM64 = AppStore|ARM64
		AppStore|iPhone = AppStore|iPhone
		AppStore|iPhoneSimulator = AppStore|iPhoneSimulator
		AppStore|x64 = AppStore|x64
		AppStore|x86 = AppStore|x86
		Debug|Any CPU = Debug|Any CPU
		Debug|ARM = Debug|ARM
		Debug|ARM64 = Debug|ARM64
		Debug|iPhone = Debug|iPhone
		Debug|iPhoneSimulator = Debug|iPhoneSimulator
		Debug|x64 = Debug|x64
		Debug|x86 = Debug|x86
		Release|Any CPU = Release|Any CPU
		Release|ARM = Release|ARM
		Release|ARM64 = Release|ARM64
		Release|iPhone = Release|iPhone
		Release|iPhoneSimulator = Release|iPhoneSimulator
		Release|x64 = Release|x64
		Release|x86 = Release|x86
	EndGlobalSection
	GlobalSection(ProjectConfigurationPlatforms) = postSolution
		{293B4B2B-415E-471A-992F-D63D699C8779}.Ad-Hoc|Any CPU.ActiveCfg = Debug|Any CPU
		{293B4B2B-415E-471A-992F-D63D699C8779}.Ad-Hoc|Any CPU.Build.0 = Debug|Any CPU
		{293B4B2B-415E-471A-992F-D63D699C8779}.Ad-Hoc|Any CPU.Deploy.0 = Debug|Any CPU
		{293B4B2B-415E-471A-992F-D63D699C8779}.Ad-Hoc|ARM.ActiveCfg = Debug|Any CPU
		{293B4B2B-415E-471A-992F-D63D699C8779}.Ad-Hoc|ARM.Build.0 = Debug|Any CPU
		{293B4B2B-415E-471A-992F-D63D699C8779}.Ad-Hoc|ARM.Deploy.0 = Debug|Any CPU
		{293B4B2B-415E-471A-992F-D63D699C8779}.Ad-Hoc|ARM64.ActiveCfg = Debug|Any CPU
		{293B4B2B-415E-471A-992F-D63D699C8779}.Ad-Hoc|ARM64.Build.0 = Debug|Any CPU
		{293B4B2B-415E-471A-992F-D63D699C8779}.Ad-Hoc|ARM64.Deploy.0 = Debug|Any CPU
		{293B4B2B-415E-471A-992F-D63D699C8779}.Ad-Hoc|iPhone.ActiveCfg = Debug|Any CPU
		{293B4B2B-415E-471A-992F-D63D699C8779}.Ad-Hoc|iPhone.Build.0 = Debug|Any CPU
		{293B4B2B-415E-471A-992F-D63D699C8779}.Ad-Hoc|iPhone.Deploy.0 = Debug|Any CPU
		{293B4B2B-415E-471A-992F-D63D699C8779}.Ad-Hoc|iPhoneSimulator.ActiveCfg = Debug|Any CPU
		{293B4B2B-415E-471A-992F-D63D699C8779}.Ad-Hoc|iPhoneSimulator.Build.0 = Debug|Any CPU
		{293B4B2B-415E-471A-992F-D63D699C8779}.Ad-Hoc|iPhoneSimulator.Deploy.0 = Debug|Any CPU
		{293B4B2B-415E-471A-992F-D63D699C8779}.Ad-Hoc|x64.ActiveCfg = Debug|Any CPU
		{293B4B2B-415E-471A-992F-D63D699C8779}.Ad-Hoc|x64.Build.0 = Debug|Any CPU
		{293B4B2B-415E-471A-992F-D63D699C8779}.Ad-Hoc|x64.Deploy.0 = Debug|Any CPU
		{293B4B2B-415E-471A-992F-D63D699C8779}.Ad-Hoc|x86.ActiveCfg = Debug|Any CPU
		{293B4B2B-415E-471A-992F-D63D699C8779}.Ad-Hoc|x86.Build.0 = Debug|Any CPU
		{293B4B2B-415E-471A-992F-D63D699C8779}.Ad-Hoc|x86.Deploy.0 = Debug|Any CPU
		{293B4B2B-415E-471A-992F-D63D699C8779}.AppStore|Any CPU.ActiveCfg = Debug|Any CPU
		{293B4B2B-415E-471A-992F-D63D699C8779}.AppStore|Any CPU.Build.0 = Debug|Any CPU
		{293B4B2B-415E-471A-992F-D63D699C8779}.AppStore|Any CPU.Deploy.0 = Debug|Any CPU
		{293B4B2B-415E-471A-992F-D63D699C8779}.AppStore|ARM.ActiveCfg = Debug|Any CPU
		{293B4B2B-415E-471A-992F-D63D699C8779}.AppStore|ARM.Build.0 = Debug|Any CPU
		{293B4B2B-415E-471A-992F-D63D699C8779}.AppStore|ARM.Deploy.0 = Debug|Any CPU
		{293B4B2B-415E-471A-992F-D63D699C8779}.AppStore|ARM64.ActiveCfg = Debug|Any CPU
		{293B4B2B-415E-471A-992F-D63D699C8779}.AppStore|ARM64.Build.0 = Debug|Any CPU
		{293B4B2B-415E-471A-992F-D63D699C8779}.AppStore|ARM64.Deploy.0 = Debug|Any CPU
		{293B4B2B-415E-471A-992F-D63D699C8779}.AppStore|iPhone.ActiveCfg = Debug|Any CPU
		{293B4B2B-415E-471A-992F-D63D699C8779}.AppStore|iPhone.Build.0 = Debug|Any CPU
		{293B4B2B-415E-471A-992F-D63D699C8779}.AppStore|iPhone.Deploy.0 = Debug|Any CPU
		{293B4B2B-415E-471A-992F-D63D699C8779}.AppStore|iPhoneSimulator.ActiveCfg = Debug|Any CPU
		{293B4B2B-415E-471A-992F-D63D699C8779}.AppStore|iPhoneSimulator.Build.0 = Debug|Any CPU
		{293B4B2B-415E-471A-992F-D63D699C8779}.AppStore|iPhoneSimulator.Deploy.0 = Debug|Any CPU
		{293B4B2B-415E-471A-992F-D63D699C8779}.AppStore|x64.ActiveCfg = Debug|Any CPU
		{293B4B2B-415E-471A-992F-D63D699C8779}.AppStore|x64.Build.0 = Debug|Any CPU
		{293B4B2B-415E-471A-992F-D63D699C8779}.AppStore|x64.Deploy.0 = Debug|Any CPU
		{293B4B2B-415E-471A-992F-D63D699C8779}.AppStore|x86.ActiveCfg = Debug|Any CPU
		{293B4B2B-415E-471A-992F-D63D699C8779}.AppStore|x86.Build.0 = Debug|Any CPU
		{293B4B2B-415E-471A-992F-D63D699C8779}.AppStore|x86.Deploy.0 = Debug|Any CPU
		{293B4B2B-415E-471A-992F-D63D699C8779}.Debug|Any CPU.ActiveCfg = Debug|Any CPU
		{293B4B2B-415E-471A-992F-D63D699C8779}.Debug|Any CPU.Build.0 = Debug|Any CPU
		{293B4B2B-415E-471A-992F-D63D699C8779}.Debug|Any CPU.Deploy.0 = Debug|Any CPU
		{293B4B2B-415E-471A-992F-D63D699C8779}.Debug|ARM.ActiveCfg = Debug|Any CPU
		{293B4B2B-415E-471A-992F-D63D699C8779}.Debug|ARM.Build.0 = Debug|Any CPU
		{293B4B2B-415E-471A-992F-D63D699C8779}.Debug|ARM.Deploy.0 = Debug|Any CPU
		{293B4B2B-415E-471A-992F-D63D699C8779}.Debug|ARM64.ActiveCfg = Debug|Any CPU
		{293B4B2B-415E-471A-992F-D63D699C8779}.Debug|ARM64.Build.0 = Debug|Any CPU
		{293B4B2B-415E-471A-992F-D63D699C8779}.Debug|ARM64.Deploy.0 = Debug|Any CPU
		{293B4B2B-415E-471A-992F-D63D699C8779}.Debug|iPhone.ActiveCfg = Debug|Any CPU
		{293B4B2B-415E-471A-992F-D63D699C8779}.Debug|iPhone.Build.0 = Debug|Any CPU
		{293B4B2B-415E-471A-992F-D63D699C8779}.Debug|iPhone.Deploy.0 = Debug|Any CPU
		{293B4B2B-415E-471A-992F-D63D699C8779}.Debug|iPhoneSimulator.ActiveCfg = Debug|Any CPU
		{293B4B2B-415E-471A-992F-D63D699C8779}.Debug|iPhoneSimulator.Build.0 = Debug|Any CPU
		{293B4B2B-415E-471A-992F-D63D699C8779}.Debug|iPhoneSimulator.Deploy.0 = Debug|Any CPU
		{293B4B2B-415E-471A-992F-D63D699C8779}.Debug|x64.ActiveCfg = Debug|Any CPU
		{293B4B2B-415E-471A-992F-D63D699C8779}.Debug|x64.Build.0 = Debug|Any CPU
		{293B4B2B-415E-471A-992F-D63D699C8779}.Debug|x64.Deploy.0 = Debug|Any CPU
		{293B4B2B-415E-471A-992F-D63D699C8779}.Debug|x86.ActiveCfg = Debug|Any CPU
		{293B4B2B-415E-471A-992F-D63D699C8779}.Debug|x86.Build.0 = Debug|Any CPU
		{293B4B2B-415E-471A-992F-D63D699C8779}.Debug|x86.Deploy.0 = Debug|Any CPU
		{293B4B2B-415E-471A-992F-D63D699C8779}.Release|Any CPU.ActiveCfg = Release|Any CPU
		{293B4B2B-415E-471A-992F-D63D699C8779}.Release|Any CPU.Build.0 = Release|Any CPU
		{293B4B2B-415E-471A-992F-D63D699C8779}.Release|Any CPU.Deploy.0 = Release|Any CPU
		{293B4B2B-415E-471A-992F-D63D699C8779}.Release|ARM.ActiveCfg = Release|Any CPU
		{293B4B2B-415E-471A-992F-D63D699C8779}.Release|ARM.Build.0 = Release|Any CPU
		{293B4B2B-415E-471A-992F-D63D699C8779}.Release|ARM.Deploy.0 = Release|Any CPU
		{293B4B2B-415E-471A-992F-D63D699C8779}.Release|ARM64.ActiveCfg = Release|Any CPU
		{293B4B2B-415E-471A-992F-D63D699C8779}.Release|ARM64.Build.0 = Release|Any CPU
		{293B4B2B-415E-471A-992F-D63D699C8779}.Release|ARM64.Deploy.0 = Release|Any CPU
		{293B4B2B-415E-471A-992F-D63D699C8779}.Release|iPhone.ActiveCfg = Release|Any CPU
		{293B4B2B-415E-471A-992F-D63D699C8779}.Release|iPhone.Build.0 = Release|Any CPU
		{293B4B2B-415E-471A-992F-D63D699C8779}.Release|iPhone.Deploy.0 = Release|Any CPU
		{293B4B2B-415E-471A-992F-D63D699C8779}.Release|iPhoneSimulator.ActiveCfg = Release|Any CPU
		{293B4B2B-415E-471A-992F-D63D699C8779}.Release|iPhoneSimulator.Build.0 = Release|Any CPU
		{293B4B2B-415E-471A-992F-D63D699C8779}.Release|iPhoneSimulator.Deploy.0 = Release|Any CPU
		{293B4B2B-415E-471A-992F-D63D699C8779}.Release|x64.ActiveCfg = Release|Any CPU
		{293B4B2B-415E-471A-992F-D63D699C8779}.Release|x64.Build.0 = Release|Any CPU
		{293B4B2B-415E-471A-992F-D63D699C8779}.Release|x64.Deploy.0 = Release|Any CPU
		{293B4B2B-415E-471A-992F-D63D699C8779}.Release|x86.ActiveCfg = Release|Any CPU
		{293B4B2B-415E-471A-992F-D63D699C8779}.Release|x86.Build.0 = Release|Any CPU
		{293B4B2B-415E-471A-992F-D63D699C8779}.Release|x86.Deploy.0 = Release|Any CPU
		{7A1C3D17-35B9-4680-8E8A-0C37850B38FB}.Ad-Hoc|Any CPU.ActiveCfg = Ad-Hoc|iPhoneSimulator
		{7A1C3D17-35B9-4680-8E8A-0C37850B38FB}.Ad-Hoc|ARM.ActiveCfg = Ad-Hoc|iPhoneSimulator
		{7A1C3D17-35B9-4680-8E8A-0C37850B38FB}.Ad-Hoc|ARM64.ActiveCfg = Ad-Hoc|iPhoneSimulator
		{7A1C3D17-35B9-4680-8E8A-0C37850B38FB}.Ad-Hoc|iPhone.ActiveCfg = Ad-Hoc|iPhone
		{7A1C3D17-35B9-4680-8E8A-0C37850B38FB}.Ad-Hoc|iPhone.Build.0 = Ad-Hoc|iPhone
		{7A1C3D17-35B9-4680-8E8A-0C37850B38FB}.Ad-Hoc|iPhoneSimulator.ActiveCfg = Ad-Hoc|iPhoneSimulator
		{7A1C3D17-35B9-4680-8E8A-0C37850B38FB}.Ad-Hoc|iPhoneSimulator.Build.0 = Ad-Hoc|iPhoneSimulator
		{7A1C3D17-35B9-4680-8E8A-0C37850B38FB}.Ad-Hoc|x64.ActiveCfg = Ad-Hoc|iPhoneSimulator
		{7A1C3D17-35B9-4680-8E8A-0C37850B38FB}.Ad-Hoc|x86.ActiveCfg = Ad-Hoc|iPhoneSimulator
		{7A1C3D17-35B9-4680-8E8A-0C37850B38FB}.AppStore|Any CPU.ActiveCfg = AppStore|iPhoneSimulator
		{7A1C3D17-35B9-4680-8E8A-0C37850B38FB}.AppStore|ARM.ActiveCfg = AppStore|iPhoneSimulator
		{7A1C3D17-35B9-4680-8E8A-0C37850B38FB}.AppStore|ARM64.ActiveCfg = AppStore|iPhoneSimulator
		{7A1C3D17-35B9-4680-8E8A-0C37850B38FB}.AppStore|iPhone.ActiveCfg = AppStore|iPhone
		{7A1C3D17-35B9-4680-8E8A-0C37850B38FB}.AppStore|iPhone.Build.0 = AppStore|iPhone
		{7A1C3D17-35B9-4680-8E8A-0C37850B38FB}.AppStore|iPhoneSimulator.ActiveCfg = AppStore|iPhoneSimulator
		{7A1C3D17-35B9-4680-8E8A-0C37850B38FB}.AppStore|iPhoneSimulator.Build.0 = AppStore|iPhoneSimulator
		{7A1C3D17-35B9-4680-8E8A-0C37850B38FB}.AppStore|x64.ActiveCfg = AppStore|iPhoneSimulator
		{7A1C3D17-35B9-4680-8E8A-0C37850B38FB}.AppStore|x86.ActiveCfg = AppStore|iPhoneSimulator
		{7A1C3D17-35B9-4680-8E8A-0C37850B38FB}.Debug|Any CPU.ActiveCfg = Debug|iPhoneSimulator
		{7A1C3D17-35B9-4680-8E8A-0C37850B38FB}.Debug|ARM.ActiveCfg = Debug|iPhoneSimulator
		{7A1C3D17-35B9-4680-8E8A-0C37850B38FB}.Debug|ARM64.ActiveCfg = Debug|iPhoneSimulator
		{7A1C3D17-35B9-4680-8E8A-0C37850B38FB}.Debug|iPhone.ActiveCfg = Debug|iPhone
		{7A1C3D17-35B9-4680-8E8A-0C37850B38FB}.Debug|iPhone.Build.0 = Debug|iPhone
		{7A1C3D17-35B9-4680-8E8A-0C37850B38FB}.Debug|iPhoneSimulator.ActiveCfg = Debug|iPhoneSimulator
		{7A1C3D17-35B9-4680-8E8A-0C37850B38FB}.Debug|iPhoneSimulator.Build.0 = Debug|iPhoneSimulator
		{7A1C3D17-35B9-4680-8E8A-0C37850B38FB}.Debug|x64.ActiveCfg = Debug|iPhoneSimulator
		{7A1C3D17-35B9-4680-8E8A-0C37850B38FB}.Debug|x86.ActiveCfg = Debug|iPhoneSimulator
		{7A1C3D17-35B9-4680-8E8A-0C37850B38FB}.Release|Any CPU.ActiveCfg = Release|iPhoneSimulator
		{7A1C3D17-35B9-4680-8E8A-0C37850B38FB}.Release|ARM.ActiveCfg = Release|iPhoneSimulator
		{7A1C3D17-35B9-4680-8E8A-0C37850B38FB}.Release|ARM64.ActiveCfg = Release|iPhoneSimulator
		{7A1C3D17-35B9-4680-8E8A-0C37850B38FB}.Release|iPhone.ActiveCfg = Release|iPhone
		{7A1C3D17-35B9-4680-8E8A-0C37850B38FB}.Release|iPhone.Build.0 = Release|iPhone
		{7A1C3D17-35B9-4680-8E8A-0C37850B38FB}.Release|iPhoneSimulator.ActiveCfg = Release|iPhoneSimulator
		{7A1C3D17-35B9-4680-8E8A-0C37850B38FB}.Release|iPhoneSimulator.Build.0 = Release|iPhoneSimulator
		{7A1C3D17-35B9-4680-8E8A-0C37850B38FB}.Release|x64.ActiveCfg = Release|iPhoneSimulator
		{7A1C3D17-35B9-4680-8E8A-0C37850B38FB}.Release|x86.ActiveCfg = Release|iPhoneSimulator
		{31F2B0D7-219C-48C6-AC36-C952A0DC42D8}.Ad-Hoc|Any CPU.ActiveCfg = Debug|x86
		{31F2B0D7-219C-48C6-AC36-C952A0DC42D8}.Ad-Hoc|Any CPU.Build.0 = Debug|x86
		{31F2B0D7-219C-48C6-AC36-C952A0DC42D8}.Ad-Hoc|Any CPU.Deploy.0 = Debug|x86
		{31F2B0D7-219C-48C6-AC36-C952A0DC42D8}.Ad-Hoc|ARM.ActiveCfg = Debug|ARM
		{31F2B0D7-219C-48C6-AC36-C952A0DC42D8}.Ad-Hoc|ARM.Build.0 = Debug|ARM
		{31F2B0D7-219C-48C6-AC36-C952A0DC42D8}.Ad-Hoc|ARM.Deploy.0 = Debug|ARM
		{31F2B0D7-219C-48C6-AC36-C952A0DC42D8}.Ad-Hoc|ARM64.ActiveCfg = Debug|ARM64
		{31F2B0D7-219C-48C6-AC36-C952A0DC42D8}.Ad-Hoc|ARM64.Build.0 = Debug|ARM64
		{31F2B0D7-219C-48C6-AC36-C952A0DC42D8}.Ad-Hoc|ARM64.Deploy.0 = Debug|ARM64
		{31F2B0D7-219C-48C6-AC36-C952A0DC42D8}.Ad-Hoc|iPhone.ActiveCfg = Debug|x86
		{31F2B0D7-219C-48C6-AC36-C952A0DC42D8}.Ad-Hoc|iPhone.Build.0 = Debug|x86
		{31F2B0D7-219C-48C6-AC36-C952A0DC42D8}.Ad-Hoc|iPhone.Deploy.0 = Debug|x86
		{31F2B0D7-219C-48C6-AC36-C952A0DC42D8}.Ad-Hoc|iPhoneSimulator.ActiveCfg = Debug|x86
		{31F2B0D7-219C-48C6-AC36-C952A0DC42D8}.Ad-Hoc|iPhoneSimulator.Build.0 = Debug|x86
		{31F2B0D7-219C-48C6-AC36-C952A0DC42D8}.Ad-Hoc|iPhoneSimulator.Deploy.0 = Debug|x86
		{31F2B0D7-219C-48C6-AC36-C952A0DC42D8}.Ad-Hoc|x64.ActiveCfg = Debug|x64
		{31F2B0D7-219C-48C6-AC36-C952A0DC42D8}.Ad-Hoc|x64.Build.0 = Debug|x64
		{31F2B0D7-219C-48C6-AC36-C952A0DC42D8}.Ad-Hoc|x64.Deploy.0 = Debug|x64
		{31F2B0D7-219C-48C6-AC36-C952A0DC42D8}.Ad-Hoc|x86.ActiveCfg = Debug|x86
		{31F2B0D7-219C-48C6-AC36-C952A0DC42D8}.Ad-Hoc|x86.Build.0 = Debug|x86
		{31F2B0D7-219C-48C6-AC36-C952A0DC42D8}.Ad-Hoc|x86.Deploy.0 = Debug|x86
		{31F2B0D7-219C-48C6-AC36-C952A0DC42D8}.AppStore|Any CPU.ActiveCfg = Debug|x86
		{31F2B0D7-219C-48C6-AC36-C952A0DC42D8}.AppStore|Any CPU.Build.0 = Debug|x86
		{31F2B0D7-219C-48C6-AC36-C952A0DC42D8}.AppStore|Any CPU.Deploy.0 = Debug|x86
		{31F2B0D7-219C-48C6-AC36-C952A0DC42D8}.AppStore|ARM.ActiveCfg = Debug|ARM
		{31F2B0D7-219C-48C6-AC36-C952A0DC42D8}.AppStore|ARM.Build.0 = Debug|ARM
		{31F2B0D7-219C-48C6-AC36-C952A0DC42D8}.AppStore|ARM.Deploy.0 = Debug|ARM
		{31F2B0D7-219C-48C6-AC36-C952A0DC42D8}.AppStore|ARM64.ActiveCfg = Debug|ARM64
		{31F2B0D7-219C-48C6-AC36-C952A0DC42D8}.AppStore|ARM64.Build.0 = Debug|ARM64
		{31F2B0D7-219C-48C6-AC36-C952A0DC42D8}.AppStore|ARM64.Deploy.0 = Debug|ARM64
		{31F2B0D7-219C-48C6-AC36-C952A0DC42D8}.AppStore|iPhone.ActiveCfg = Debug|x86
		{31F2B0D7-219C-48C6-AC36-C952A0DC42D8}.AppStore|iPhone.Build.0 = Debug|x86
		{31F2B0D7-219C-48C6-AC36-C952A0DC42D8}.AppStore|iPhone.Deploy.0 = Debug|x86
		{31F2B0D7-219C-48C6-AC36-C952A0DC42D8}.AppStore|iPhoneSimulator.ActiveCfg = Debug|x86
		{31F2B0D7-219C-48C6-AC36-C952A0DC42D8}.AppStore|iPhoneSimulator.Build.0 = Debug|x86
		{31F2B0D7-219C-48C6-AC36-C952A0DC42D8}.AppStore|iPhoneSimulator.Deploy.0 = Debug|x86
		{31F2B0D7-219C-48C6-AC36-C952A0DC42D8}.AppStore|x64.ActiveCfg = Debug|x64
		{31F2B0D7-219C-48C6-AC36-C952A0DC42D8}.AppStore|x64.Build.0 = Debug|x64
		{31F2B0D7-219C-48C6-AC36-C952A0DC42D8}.AppStore|x64.Deploy.0 = Debug|x64
		{31F2B0D7-219C-48C6-AC36-C952A0DC42D8}.AppStore|x86.ActiveCfg = Debug|x86
		{31F2B0D7-219C-48C6-AC36-C952A0DC42D8}.AppStore|x86.Build.0 = Debug|x86
		{31F2B0D7-219C-48C6-AC36-C952A0DC42D8}.AppStore|x86.Deploy.0 = Debug|x86
		{31F2B0D7-219C-48C6-AC36-C952A0DC42D8}.Debug|Any CPU.ActiveCfg = Debug|x86
		{31F2B0D7-219C-48C6-AC36-C952A0DC42D8}.Debug|ARM.ActiveCfg = Debug|ARM
		{31F2B0D7-219C-48C6-AC36-C952A0DC42D8}.Debug|ARM.Build.0 = Debug|ARM
		{31F2B0D7-219C-48C6-AC36-C952A0DC42D8}.Debug|ARM.Deploy.0 = Debug|ARM
		{31F2B0D7-219C-48C6-AC36-C952A0DC42D8}.Debug|ARM64.ActiveCfg = Debug|ARM64
		{31F2B0D7-219C-48C6-AC36-C952A0DC42D8}.Debug|ARM64.Build.0 = Debug|ARM64
		{31F2B0D7-219C-48C6-AC36-C952A0DC42D8}.Debug|ARM64.Deploy.0 = Debug|ARM64
		{31F2B0D7-219C-48C6-AC36-C952A0DC42D8}.Debug|iPhone.ActiveCfg = Debug|x86
		{31F2B0D7-219C-48C6-AC36-C952A0DC42D8}.Debug|iPhoneSimulator.ActiveCfg = Debug|x86
		{31F2B0D7-219C-48C6-AC36-C952A0DC42D8}.Debug|x64.ActiveCfg = Debug|x64
		{31F2B0D7-219C-48C6-AC36-C952A0DC42D8}.Debug|x64.Build.0 = Debug|x64
		{31F2B0D7-219C-48C6-AC36-C952A0DC42D8}.Debug|x64.Deploy.0 = Debug|x64
		{31F2B0D7-219C-48C6-AC36-C952A0DC42D8}.Debug|x86.ActiveCfg = Debug|x86
		{31F2B0D7-219C-48C6-AC36-C952A0DC42D8}.Debug|x86.Build.0 = Debug|x86
		{31F2B0D7-219C-48C6-AC36-C952A0DC42D8}.Debug|x86.Deploy.0 = Debug|x86
		{31F2B0D7-219C-48C6-AC36-C952A0DC42D8}.Release|Any CPU.ActiveCfg = Release|x86
		{31F2B0D7-219C-48C6-AC36-C952A0DC42D8}.Release|ARM.ActiveCfg = Release|ARM
		{31F2B0D7-219C-48C6-AC36-C952A0DC42D8}.Release|ARM.Build.0 = Release|ARM
		{31F2B0D7-219C-48C6-AC36-C952A0DC42D8}.Release|ARM.Deploy.0 = Release|ARM
		{31F2B0D7-219C-48C6-AC36-C952A0DC42D8}.Release|ARM64.ActiveCfg = Release|ARM64
		{31F2B0D7-219C-48C6-AC36-C952A0DC42D8}.Release|ARM64.Build.0 = Release|ARM64
		{31F2B0D7-219C-48C6-AC36-C952A0DC42D8}.Release|ARM64.Deploy.0 = Release|ARM64
		{31F2B0D7-219C-48C6-AC36-C952A0DC42D8}.Release|iPhone.ActiveCfg = Release|x86
		{31F2B0D7-219C-48C6-AC36-C952A0DC42D8}.Release|iPhoneSimulator.ActiveCfg = Release|x86
		{31F2B0D7-219C-48C6-AC36-C952A0DC42D8}.Release|x64.ActiveCfg = Release|x64
		{31F2B0D7-219C-48C6-AC36-C952A0DC42D8}.Release|x64.Build.0 = Release|x64
		{31F2B0D7-219C-48C6-AC36-C952A0DC42D8}.Release|x64.Deploy.0 = Release|x64
		{31F2B0D7-219C-48C6-AC36-C952A0DC42D8}.Release|x86.ActiveCfg = Release|x86
		{31F2B0D7-219C-48C6-AC36-C952A0DC42D8}.Release|x86.Build.0 = Release|x86
		{31F2B0D7-219C-48C6-AC36-C952A0DC42D8}.Release|x86.Deploy.0 = Release|x86
		{10D1D5F0-A0D1-442E-8E60-406A42A399CB}.Ad-Hoc|Any CPU.ActiveCfg = Debug|Any CPU
		{10D1D5F0-A0D1-442E-8E60-406A42A399CB}.Ad-Hoc|Any CPU.Build.0 = Debug|Any CPU
		{10D1D5F0-A0D1-442E-8E60-406A42A399CB}.Ad-Hoc|ARM.ActiveCfg = Debug|Any CPU
		{10D1D5F0-A0D1-442E-8E60-406A42A399CB}.Ad-Hoc|ARM.Build.0 = Debug|Any CPU
		{10D1D5F0-A0D1-442E-8E60-406A42A399CB}.Ad-Hoc|ARM64.ActiveCfg = Debug|Any CPU
		{10D1D5F0-A0D1-442E-8E60-406A42A399CB}.Ad-Hoc|ARM64.Build.0 = Debug|Any CPU
		{10D1D5F0-A0D1-442E-8E60-406A42A399CB}.Ad-Hoc|iPhone.ActiveCfg = Debug|Any CPU
		{10D1D5F0-A0D1-442E-8E60-406A42A399CB}.Ad-Hoc|iPhone.Build.0 = Debug|Any CPU
		{10D1D5F0-A0D1-442E-8E60-406A42A399CB}.Ad-Hoc|iPhoneSimulator.ActiveCfg = Debug|Any CPU
		{10D1D5F0-A0D1-442E-8E60-406A42A399CB}.Ad-Hoc|iPhoneSimulator.Build.0 = Debug|Any CPU
		{10D1D5F0-A0D1-442E-8E60-406A42A399CB}.Ad-Hoc|x64.ActiveCfg = Debug|Any CPU
		{10D1D5F0-A0D1-442E-8E60-406A42A399CB}.Ad-Hoc|x64.Build.0 = Debug|Any CPU
		{10D1D5F0-A0D1-442E-8E60-406A42A399CB}.Ad-Hoc|x86.ActiveCfg = Debug|Any CPU
		{10D1D5F0-A0D1-442E-8E60-406A42A399CB}.Ad-Hoc|x86.Build.0 = Debug|Any CPU
		{10D1D5F0-A0D1-442E-8E60-406A42A399CB}.AppStore|Any CPU.ActiveCfg = Debug|Any CPU
		{10D1D5F0-A0D1-442E-8E60-406A42A399CB}.AppStore|Any CPU.Build.0 = Debug|Any CPU
		{10D1D5F0-A0D1-442E-8E60-406A42A399CB}.AppStore|ARM.ActiveCfg = Debug|Any CPU
		{10D1D5F0-A0D1-442E-8E60-406A42A399CB}.AppStore|ARM.Build.0 = Debug|Any CPU
		{10D1D5F0-A0D1-442E-8E60-406A42A399CB}.AppStore|ARM64.ActiveCfg = Debug|Any CPU
		{10D1D5F0-A0D1-442E-8E60-406A42A399CB}.AppStore|ARM64.Build.0 = Debug|Any CPU
		{10D1D5F0-A0D1-442E-8E60-406A42A399CB}.AppStore|iPhone.ActiveCfg = Debug|Any CPU
		{10D1D5F0-A0D1-442E-8E60-406A42A399CB}.AppStore|iPhone.Build.0 = Debug|Any CPU
		{10D1D5F0-A0D1-442E-8E60-406A42A399CB}.AppStore|iPhoneSimulator.ActiveCfg = Debug|Any CPU
		{10D1D5F0-A0D1-442E-8E60-406A42A399CB}.AppStore|iPhoneSimulator.Build.0 = Debug|Any CPU
		{10D1D5F0-A0D1-442E-8E60-406A42A399CB}.AppStore|x64.ActiveCfg = Debug|Any CPU
		{10D1D5F0-A0D1-442E-8E60-406A42A399CB}.AppStore|x64.Build.0 = Debug|Any CPU
		{10D1D5F0-A0D1-442E-8E60-406A42A399CB}.AppStore|x86.ActiveCfg = Debug|Any CPU
		{10D1D5F0-A0D1-442E-8E60-406A42A399CB}.AppStore|x86.Build.0 = Debug|Any CPU
		{10D1D5F0-A0D1-442E-8E60-406A42A399CB}.Debug|Any CPU.ActiveCfg = Debug|Any CPU
		{10D1D5F0-A0D1-442E-8E60-406A42A399CB}.Debug|Any CPU.Build.0 = Debug|Any CPU
		{10D1D5F0-A0D1-442E-8E60-406A42A399CB}.Debug|ARM.ActiveCfg = Debug|Any CPU
		{10D1D5F0-A0D1-442E-8E60-406A42A399CB}.Debug|ARM.Build.0 = Debug|Any CPU
		{10D1D5F0-A0D1-442E-8E60-406A42A399CB}.Debug|ARM64.ActiveCfg = Debug|Any CPU
		{10D1D5F0-A0D1-442E-8E60-406A42A399CB}.Debug|ARM64.Build.0 = Debug|Any CPU
		{10D1D5F0-A0D1-442E-8E60-406A42A399CB}.Debug|iPhone.ActiveCfg = Debug|Any CPU
		{10D1D5F0-A0D1-442E-8E60-406A42A399CB}.Debug|iPhone.Build.0 = Debug|Any CPU
		{10D1D5F0-A0D1-442E-8E60-406A42A399CB}.Debug|iPhoneSimulator.ActiveCfg = Debug|Any CPU
		{10D1D5F0-A0D1-442E-8E60-406A42A399CB}.Debug|iPhoneSimulator.Build.0 = Debug|Any CPU
		{10D1D5F0-A0D1-442E-8E60-406A42A399CB}.Debug|x64.ActiveCfg = Debug|Any CPU
		{10D1D5F0-A0D1-442E-8E60-406A42A399CB}.Debug|x64.Build.0 = Debug|Any CPU
		{10D1D5F0-A0D1-442E-8E60-406A42A399CB}.Debug|x86.ActiveCfg = Debug|Any CPU
		{10D1D5F0-A0D1-442E-8E60-406A42A399CB}.Debug|x86.Build.0 = Debug|Any CPU
		{10D1D5F0-A0D1-442E-8E60-406A42A399CB}.Release|Any CPU.ActiveCfg = Release|Any CPU
		{10D1D5F0-A0D1-442E-8E60-406A42A399CB}.Release|Any CPU.Build.0 = Release|Any CPU
		{10D1D5F0-A0D1-442E-8E60-406A42A399CB}.Release|ARM.ActiveCfg = Release|Any CPU
		{10D1D5F0-A0D1-442E-8E60-406A42A399CB}.Release|ARM.Build.0 = Release|Any CPU
		{10D1D5F0-A0D1-442E-8E60-406A42A399CB}.Release|ARM64.ActiveCfg = Release|Any CPU
		{10D1D5F0-A0D1-442E-8E60-406A42A399CB}.Release|ARM64.Build.0 = Release|Any CPU
		{10D1D5F0-A0D1-442E-8E60-406A42A399CB}.Release|iPhone.ActiveCfg = Release|Any CPU
		{10D1D5F0-A0D1-442E-8E60-406A42A399CB}.Release|iPhone.Build.0 = Release|Any CPU
		{10D1D5F0-A0D1-442E-8E60-406A42A399CB}.Release|iPhoneSimulator.ActiveCfg = Release|Any CPU
		{10D1D5F0-A0D1-442E-8E60-406A42A399CB}.Release|iPhoneSimulator.Build.0 = Release|Any CPU
		{10D1D5F0-A0D1-442E-8E60-406A42A399CB}.Release|x64.ActiveCfg = Release|Any CPU
		{10D1D5F0-A0D1-442E-8E60-406A42A399CB}.Release|x64.Build.0 = Release|Any CPU
		{10D1D5F0-A0D1-442E-8E60-406A42A399CB}.Release|x86.ActiveCfg = Release|Any CPU
		{10D1D5F0-A0D1-442E-8E60-406A42A399CB}.Release|x86.Build.0 = Release|Any CPU
		{ED54417D-6F38-448E-8B49-CB01B8821E10}.Ad-Hoc|Any CPU.ActiveCfg = Debug|iPhoneSimulator
		{ED54417D-6F38-448E-8B49-CB01B8821E10}.Ad-Hoc|Any CPU.Build.0 = Debug|iPhoneSimulator
		{ED54417D-6F38-448E-8B49-CB01B8821E10}.Ad-Hoc|ARM.ActiveCfg = Debug|iPhoneSimulator
		{ED54417D-6F38-448E-8B49-CB01B8821E10}.Ad-Hoc|ARM.Build.0 = Debug|iPhoneSimulator
		{ED54417D-6F38-448E-8B49-CB01B8821E10}.Ad-Hoc|ARM64.ActiveCfg = Debug|iPhoneSimulator
		{ED54417D-6F38-448E-8B49-CB01B8821E10}.Ad-Hoc|ARM64.Build.0 = Debug|iPhoneSimulator
		{ED54417D-6F38-448E-8B49-CB01B8821E10}.Ad-Hoc|iPhone.ActiveCfg = Debug|iPhoneSimulator
		{ED54417D-6F38-448E-8B49-CB01B8821E10}.Ad-Hoc|iPhone.Build.0 = Debug|iPhoneSimulator
		{ED54417D-6F38-448E-8B49-CB01B8821E10}.Ad-Hoc|iPhoneSimulator.ActiveCfg = Debug|iPhoneSimulator
		{ED54417D-6F38-448E-8B49-CB01B8821E10}.Ad-Hoc|iPhoneSimulator.Build.0 = Debug|iPhoneSimulator
		{ED54417D-6F38-448E-8B49-CB01B8821E10}.Ad-Hoc|x64.ActiveCfg = Debug|iPhoneSimulator
		{ED54417D-6F38-448E-8B49-CB01B8821E10}.Ad-Hoc|x64.Build.0 = Debug|iPhoneSimulator
		{ED54417D-6F38-448E-8B49-CB01B8821E10}.Ad-Hoc|x86.ActiveCfg = Debug|iPhoneSimulator
		{ED54417D-6F38-448E-8B49-CB01B8821E10}.Ad-Hoc|x86.Build.0 = Debug|iPhoneSimulator
		{ED54417D-6F38-448E-8B49-CB01B8821E10}.AppStore|Any CPU.ActiveCfg = Debug|iPhoneSimulator
		{ED54417D-6F38-448E-8B49-CB01B8821E10}.AppStore|Any CPU.Build.0 = Debug|iPhoneSimulator
		{ED54417D-6F38-448E-8B49-CB01B8821E10}.AppStore|ARM.ActiveCfg = Debug|iPhoneSimulator
		{ED54417D-6F38-448E-8B49-CB01B8821E10}.AppStore|ARM.Build.0 = Debug|iPhoneSimulator
		{ED54417D-6F38-448E-8B49-CB01B8821E10}.AppStore|ARM64.ActiveCfg = Debug|iPhoneSimulator
		{ED54417D-6F38-448E-8B49-CB01B8821E10}.AppStore|ARM64.Build.0 = Debug|iPhoneSimulator
		{ED54417D-6F38-448E-8B49-CB01B8821E10}.AppStore|iPhone.ActiveCfg = Debug|iPhoneSimulator
		{ED54417D-6F38-448E-8B49-CB01B8821E10}.AppStore|iPhone.Build.0 = Debug|iPhoneSimulator
		{ED54417D-6F38-448E-8B49-CB01B8821E10}.AppStore|iPhoneSimulator.ActiveCfg = Debug|iPhoneSimulator
		{ED54417D-6F38-448E-8B49-CB01B8821E10}.AppStore|iPhoneSimulator.Build.0 = Debug|iPhoneSimulator
		{ED54417D-6F38-448E-8B49-CB01B8821E10}.AppStore|x64.ActiveCfg = Debug|iPhoneSimulator
		{ED54417D-6F38-448E-8B49-CB01B8821E10}.AppStore|x64.Build.0 = Debug|iPhoneSimulator
		{ED54417D-6F38-448E-8B49-CB01B8821E10}.AppStore|x86.ActiveCfg = Debug|iPhoneSimulator
		{ED54417D-6F38-448E-8B49-CB01B8821E10}.AppStore|x86.Build.0 = Debug|iPhoneSimulator
		{ED54417D-6F38-448E-8B49-CB01B8821E10}.Debug|Any CPU.ActiveCfg = Debug|iPhoneSimulator
		{ED54417D-6F38-448E-8B49-CB01B8821E10}.Debug|ARM.ActiveCfg = Debug|iPhoneSimulator
		{ED54417D-6F38-448E-8B49-CB01B8821E10}.Debug|ARM64.ActiveCfg = Debug|iPhoneSimulator
		{ED54417D-6F38-448E-8B49-CB01B8821E10}.Debug|iPhone.ActiveCfg = Debug|iPhoneSimulator
		{ED54417D-6F38-448E-8B49-CB01B8821E10}.Debug|iPhoneSimulator.ActiveCfg = Debug|iPhoneSimulator
		{ED54417D-6F38-448E-8B49-CB01B8821E10}.Debug|iPhoneSimulator.Build.0 = Debug|iPhoneSimulator
		{ED54417D-6F38-448E-8B49-CB01B8821E10}.Debug|x64.ActiveCfg = Debug|iPhoneSimulator
		{ED54417D-6F38-448E-8B49-CB01B8821E10}.Debug|x86.ActiveCfg = Debug|iPhoneSimulator
		{ED54417D-6F38-448E-8B49-CB01B8821E10}.Release|Any CPU.ActiveCfg = Release|iPhoneSimulator
		{ED54417D-6F38-448E-8B49-CB01B8821E10}.Release|ARM.ActiveCfg = Release|iPhoneSimulator
		{ED54417D-6F38-448E-8B49-CB01B8821E10}.Release|ARM64.ActiveCfg = Release|iPhoneSimulator
		{ED54417D-6F38-448E-8B49-CB01B8821E10}.Release|iPhone.ActiveCfg = Release|iPhoneSimulator
		{ED54417D-6F38-448E-8B49-CB01B8821E10}.Release|iPhoneSimulator.ActiveCfg = Release|iPhoneSimulator
		{ED54417D-6F38-448E-8B49-CB01B8821E10}.Release|iPhoneSimulator.Build.0 = Release|iPhoneSimulator
		{ED54417D-6F38-448E-8B49-CB01B8821E10}.Release|x64.ActiveCfg = Release|iPhoneSimulator
		{ED54417D-6F38-448E-8B49-CB01B8821E10}.Release|x86.ActiveCfg = Release|iPhoneSimulator
		{9BB2092A-210A-4BEF-9E6E-EC8BD326B9A4}.Ad-Hoc|Any CPU.ActiveCfg = Debug|Any CPU
		{9BB2092A-210A-4BEF-9E6E-EC8BD326B9A4}.Ad-Hoc|Any CPU.Build.0 = Debug|Any CPU
		{9BB2092A-210A-4BEF-9E6E-EC8BD326B9A4}.Ad-Hoc|ARM.ActiveCfg = Debug|Any CPU
		{9BB2092A-210A-4BEF-9E6E-EC8BD326B9A4}.Ad-Hoc|ARM.Build.0 = Debug|Any CPU
		{9BB2092A-210A-4BEF-9E6E-EC8BD326B9A4}.Ad-Hoc|ARM64.ActiveCfg = Debug|Any CPU
		{9BB2092A-210A-4BEF-9E6E-EC8BD326B9A4}.Ad-Hoc|ARM64.Build.0 = Debug|Any CPU
		{9BB2092A-210A-4BEF-9E6E-EC8BD326B9A4}.Ad-Hoc|iPhone.ActiveCfg = Debug|Any CPU
		{9BB2092A-210A-4BEF-9E6E-EC8BD326B9A4}.Ad-Hoc|iPhone.Build.0 = Debug|Any CPU
		{9BB2092A-210A-4BEF-9E6E-EC8BD326B9A4}.Ad-Hoc|iPhoneSimulator.ActiveCfg = Debug|Any CPU
		{9BB2092A-210A-4BEF-9E6E-EC8BD326B9A4}.Ad-Hoc|iPhoneSimulator.Build.0 = Debug|Any CPU
		{9BB2092A-210A-4BEF-9E6E-EC8BD326B9A4}.Ad-Hoc|x64.ActiveCfg = Debug|Any CPU
		{9BB2092A-210A-4BEF-9E6E-EC8BD326B9A4}.Ad-Hoc|x64.Build.0 = Debug|Any CPU
		{9BB2092A-210A-4BEF-9E6E-EC8BD326B9A4}.Ad-Hoc|x86.ActiveCfg = Debug|Any CPU
		{9BB2092A-210A-4BEF-9E6E-EC8BD326B9A4}.Ad-Hoc|x86.Build.0 = Debug|Any CPU
		{9BB2092A-210A-4BEF-9E6E-EC8BD326B9A4}.AppStore|Any CPU.ActiveCfg = Debug|Any CPU
		{9BB2092A-210A-4BEF-9E6E-EC8BD326B9A4}.AppStore|Any CPU.Build.0 = Debug|Any CPU
		{9BB2092A-210A-4BEF-9E6E-EC8BD326B9A4}.AppStore|ARM.ActiveCfg = Debug|Any CPU
		{9BB2092A-210A-4BEF-9E6E-EC8BD326B9A4}.AppStore|ARM.Build.0 = Debug|Any CPU
		{9BB2092A-210A-4BEF-9E6E-EC8BD326B9A4}.AppStore|ARM64.ActiveCfg = Debug|Any CPU
		{9BB2092A-210A-4BEF-9E6E-EC8BD326B9A4}.AppStore|ARM64.Build.0 = Debug|Any CPU
		{9BB2092A-210A-4BEF-9E6E-EC8BD326B9A4}.AppStore|iPhone.ActiveCfg = Debug|Any CPU
		{9BB2092A-210A-4BEF-9E6E-EC8BD326B9A4}.AppStore|iPhone.Build.0 = Debug|Any CPU
		{9BB2092A-210A-4BEF-9E6E-EC8BD326B9A4}.AppStore|iPhoneSimulator.ActiveCfg = Debug|Any CPU
		{9BB2092A-210A-4BEF-9E6E-EC8BD326B9A4}.AppStore|iPhoneSimulator.Build.0 = Debug|Any CPU
		{9BB2092A-210A-4BEF-9E6E-EC8BD326B9A4}.AppStore|x64.ActiveCfg = Debug|Any CPU
		{9BB2092A-210A-4BEF-9E6E-EC8BD326B9A4}.AppStore|x64.Build.0 = Debug|Any CPU
		{9BB2092A-210A-4BEF-9E6E-EC8BD326B9A4}.AppStore|x86.ActiveCfg = Debug|Any CPU
		{9BB2092A-210A-4BEF-9E6E-EC8BD326B9A4}.AppStore|x86.Build.0 = Debug|Any CPU
		{9BB2092A-210A-4BEF-9E6E-EC8BD326B9A4}.Debug|Any CPU.ActiveCfg = Debug|Any CPU
		{9BB2092A-210A-4BEF-9E6E-EC8BD326B9A4}.Debug|Any CPU.Build.0 = Debug|Any CPU
		{9BB2092A-210A-4BEF-9E6E-EC8BD326B9A4}.Debug|ARM.ActiveCfg = Debug|Any CPU
		{9BB2092A-210A-4BEF-9E6E-EC8BD326B9A4}.Debug|ARM.Build.0 = Debug|Any CPU
		{9BB2092A-210A-4BEF-9E6E-EC8BD326B9A4}.Debug|ARM64.ActiveCfg = Debug|Any CPU
		{9BB2092A-210A-4BEF-9E6E-EC8BD326B9A4}.Debug|ARM64.Build.0 = Debug|Any CPU
		{9BB2092A-210A-4BEF-9E6E-EC8BD326B9A4}.Debug|iPhone.ActiveCfg = Debug|Any CPU
		{9BB2092A-210A-4BEF-9E6E-EC8BD326B9A4}.Debug|iPhone.Build.0 = Debug|Any CPU
		{9BB2092A-210A-4BEF-9E6E-EC8BD326B9A4}.Debug|iPhoneSimulator.ActiveCfg = Debug|Any CPU
		{9BB2092A-210A-4BEF-9E6E-EC8BD326B9A4}.Debug|iPhoneSimulator.Build.0 = Debug|Any CPU
		{9BB2092A-210A-4BEF-9E6E-EC8BD326B9A4}.Debug|x64.ActiveCfg = Debug|Any CPU
		{9BB2092A-210A-4BEF-9E6E-EC8BD326B9A4}.Debug|x64.Build.0 = Debug|Any CPU
		{9BB2092A-210A-4BEF-9E6E-EC8BD326B9A4}.Debug|x86.ActiveCfg = Debug|Any CPU
		{9BB2092A-210A-4BEF-9E6E-EC8BD326B9A4}.Debug|x86.Build.0 = Debug|Any CPU
		{9BB2092A-210A-4BEF-9E6E-EC8BD326B9A4}.Release|Any CPU.ActiveCfg = Release|Any CPU
		{9BB2092A-210A-4BEF-9E6E-EC8BD326B9A4}.Release|Any CPU.Build.0 = Release|Any CPU
		{9BB2092A-210A-4BEF-9E6E-EC8BD326B9A4}.Release|ARM.ActiveCfg = Release|Any CPU
		{9BB2092A-210A-4BEF-9E6E-EC8BD326B9A4}.Release|ARM.Build.0 = Release|Any CPU
		{9BB2092A-210A-4BEF-9E6E-EC8BD326B9A4}.Release|ARM64.ActiveCfg = Release|Any CPU
		{9BB2092A-210A-4BEF-9E6E-EC8BD326B9A4}.Release|ARM64.Build.0 = Release|Any CPU
		{9BB2092A-210A-4BEF-9E6E-EC8BD326B9A4}.Release|iPhone.ActiveCfg = Release|Any CPU
		{9BB2092A-210A-4BEF-9E6E-EC8BD326B9A4}.Release|iPhone.Build.0 = Release|Any CPU
		{9BB2092A-210A-4BEF-9E6E-EC8BD326B9A4}.Release|iPhoneSimulator.ActiveCfg = Release|Any CPU
		{9BB2092A-210A-4BEF-9E6E-EC8BD326B9A4}.Release|iPhoneSimulator.Build.0 = Release|Any CPU
		{9BB2092A-210A-4BEF-9E6E-EC8BD326B9A4}.Release|x64.ActiveCfg = Release|Any CPU
		{9BB2092A-210A-4BEF-9E6E-EC8BD326B9A4}.Release|x64.Build.0 = Release|Any CPU
		{9BB2092A-210A-4BEF-9E6E-EC8BD326B9A4}.Release|x86.ActiveCfg = Release|Any CPU
		{9BB2092A-210A-4BEF-9E6E-EC8BD326B9A4}.Release|x86.Build.0 = Release|Any CPU
		{1019E403-7723-4FFD-BB77-8B16759AC9D3}.Ad-Hoc|Any CPU.ActiveCfg = Debug|Any CPU
		{1019E403-7723-4FFD-BB77-8B16759AC9D3}.Ad-Hoc|Any CPU.Build.0 = Debug|Any CPU
		{1019E403-7723-4FFD-BB77-8B16759AC9D3}.Ad-Hoc|ARM.ActiveCfg = Debug|Any CPU
		{1019E403-7723-4FFD-BB77-8B16759AC9D3}.Ad-Hoc|ARM.Build.0 = Debug|Any CPU
		{1019E403-7723-4FFD-BB77-8B16759AC9D3}.Ad-Hoc|ARM64.ActiveCfg = Debug|Any CPU
		{1019E403-7723-4FFD-BB77-8B16759AC9D3}.Ad-Hoc|ARM64.Build.0 = Debug|Any CPU
		{1019E403-7723-4FFD-BB77-8B16759AC9D3}.Ad-Hoc|iPhone.ActiveCfg = Debug|Any CPU
		{1019E403-7723-4FFD-BB77-8B16759AC9D3}.Ad-Hoc|iPhone.Build.0 = Debug|Any CPU
		{1019E403-7723-4FFD-BB77-8B16759AC9D3}.Ad-Hoc|iPhoneSimulator.ActiveCfg = Debug|Any CPU
		{1019E403-7723-4FFD-BB77-8B16759AC9D3}.Ad-Hoc|iPhoneSimulator.Build.0 = Debug|Any CPU
		{1019E403-7723-4FFD-BB77-8B16759AC9D3}.Ad-Hoc|x64.ActiveCfg = Debug|Any CPU
		{1019E403-7723-4FFD-BB77-8B16759AC9D3}.Ad-Hoc|x64.Build.0 = Debug|Any CPU
		{1019E403-7723-4FFD-BB77-8B16759AC9D3}.Ad-Hoc|x86.ActiveCfg = Debug|Any CPU
		{1019E403-7723-4FFD-BB77-8B16759AC9D3}.Ad-Hoc|x86.Build.0 = Debug|Any CPU
		{1019E403-7723-4FFD-BB77-8B16759AC9D3}.AppStore|Any CPU.ActiveCfg = Debug|Any CPU
		{1019E403-7723-4FFD-BB77-8B16759AC9D3}.AppStore|Any CPU.Build.0 = Debug|Any CPU
		{1019E403-7723-4FFD-BB77-8B16759AC9D3}.AppStore|ARM.ActiveCfg = Debug|Any CPU
		{1019E403-7723-4FFD-BB77-8B16759AC9D3}.AppStore|ARM.Build.0 = Debug|Any CPU
		{1019E403-7723-4FFD-BB77-8B16759AC9D3}.AppStore|ARM64.ActiveCfg = Debug|Any CPU
		{1019E403-7723-4FFD-BB77-8B16759AC9D3}.AppStore|ARM64.Build.0 = Debug|Any CPU
		{1019E403-7723-4FFD-BB77-8B16759AC9D3}.AppStore|iPhone.ActiveCfg = Debug|Any CPU
		{1019E403-7723-4FFD-BB77-8B16759AC9D3}.AppStore|iPhone.Build.0 = Debug|Any CPU
		{1019E403-7723-4FFD-BB77-8B16759AC9D3}.AppStore|iPhoneSimulator.ActiveCfg = Debug|Any CPU
		{1019E403-7723-4FFD-BB77-8B16759AC9D3}.AppStore|iPhoneSimulator.Build.0 = Debug|Any CPU
		{1019E403-7723-4FFD-BB77-8B16759AC9D3}.AppStore|x64.ActiveCfg = Debug|Any CPU
		{1019E403-7723-4FFD-BB77-8B16759AC9D3}.AppStore|x64.Build.0 = Debug|Any CPU
		{1019E403-7723-4FFD-BB77-8B16759AC9D3}.AppStore|x86.ActiveCfg = Debug|Any CPU
		{1019E403-7723-4FFD-BB77-8B16759AC9D3}.AppStore|x86.Build.0 = Debug|Any CPU
		{1019E403-7723-4FFD-BB77-8B16759AC9D3}.Debug|Any CPU.ActiveCfg = Debug|Any CPU
		{1019E403-7723-4FFD-BB77-8B16759AC9D3}.Debug|Any CPU.Build.0 = Debug|Any CPU
		{1019E403-7723-4FFD-BB77-8B16759AC9D3}.Debug|ARM.ActiveCfg = Debug|Any CPU
		{1019E403-7723-4FFD-BB77-8B16759AC9D3}.Debug|ARM.Build.0 = Debug|Any CPU
		{1019E403-7723-4FFD-BB77-8B16759AC9D3}.Debug|ARM64.ActiveCfg = Debug|Any CPU
		{1019E403-7723-4FFD-BB77-8B16759AC9D3}.Debug|ARM64.Build.0 = Debug|Any CPU
		{1019E403-7723-4FFD-BB77-8B16759AC9D3}.Debug|iPhone.ActiveCfg = Debug|Any CPU
		{1019E403-7723-4FFD-BB77-8B16759AC9D3}.Debug|iPhone.Build.0 = Debug|Any CPU
		{1019E403-7723-4FFD-BB77-8B16759AC9D3}.Debug|iPhoneSimulator.ActiveCfg = Debug|Any CPU
		{1019E403-7723-4FFD-BB77-8B16759AC9D3}.Debug|iPhoneSimulator.Build.0 = Debug|Any CPU
		{1019E403-7723-4FFD-BB77-8B16759AC9D3}.Debug|x64.ActiveCfg = Debug|Any CPU
		{1019E403-7723-4FFD-BB77-8B16759AC9D3}.Debug|x64.Build.0 = Debug|Any CPU
		{1019E403-7723-4FFD-BB77-8B16759AC9D3}.Debug|x86.ActiveCfg = Debug|Any CPU
		{1019E403-7723-4FFD-BB77-8B16759AC9D3}.Debug|x86.Build.0 = Debug|Any CPU
		{1019E403-7723-4FFD-BB77-8B16759AC9D3}.Release|Any CPU.ActiveCfg = Release|Any CPU
		{1019E403-7723-4FFD-BB77-8B16759AC9D3}.Release|Any CPU.Build.0 = Release|Any CPU
		{1019E403-7723-4FFD-BB77-8B16759AC9D3}.Release|ARM.ActiveCfg = Release|Any CPU
		{1019E403-7723-4FFD-BB77-8B16759AC9D3}.Release|ARM.Build.0 = Release|Any CPU
		{1019E403-7723-4FFD-BB77-8B16759AC9D3}.Release|ARM64.ActiveCfg = Release|Any CPU
		{1019E403-7723-4FFD-BB77-8B16759AC9D3}.Release|ARM64.Build.0 = Release|Any CPU
		{1019E403-7723-4FFD-BB77-8B16759AC9D3}.Release|iPhone.ActiveCfg = Release|Any CPU
		{1019E403-7723-4FFD-BB77-8B16759AC9D3}.Release|iPhone.Build.0 = Release|Any CPU
		{1019E403-7723-4FFD-BB77-8B16759AC9D3}.Release|iPhoneSimulator.ActiveCfg = Release|Any CPU
		{1019E403-7723-4FFD-BB77-8B16759AC9D3}.Release|iPhoneSimulator.Build.0 = Release|Any CPU
		{1019E403-7723-4FFD-BB77-8B16759AC9D3}.Release|x64.ActiveCfg = Release|Any CPU
		{1019E403-7723-4FFD-BB77-8B16759AC9D3}.Release|x64.Build.0 = Release|Any CPU
		{1019E403-7723-4FFD-BB77-8B16759AC9D3}.Release|x86.ActiveCfg = Release|Any CPU
		{1019E403-7723-4FFD-BB77-8B16759AC9D3}.Release|x86.Build.0 = Release|Any CPU
		{687D7F4C-D961-4A39-9FB5-09D108B50A6C}.Ad-Hoc|Any CPU.ActiveCfg = Debug|Any CPU
		{687D7F4C-D961-4A39-9FB5-09D108B50A6C}.Ad-Hoc|Any CPU.Build.0 = Debug|Any CPU
		{687D7F4C-D961-4A39-9FB5-09D108B50A6C}.Ad-Hoc|ARM.ActiveCfg = Debug|Any CPU
		{687D7F4C-D961-4A39-9FB5-09D108B50A6C}.Ad-Hoc|ARM.Build.0 = Debug|Any CPU
		{687D7F4C-D961-4A39-9FB5-09D108B50A6C}.Ad-Hoc|ARM64.ActiveCfg = Debug|Any CPU
		{687D7F4C-D961-4A39-9FB5-09D108B50A6C}.Ad-Hoc|ARM64.Build.0 = Debug|Any CPU
		{687D7F4C-D961-4A39-9FB5-09D108B50A6C}.Ad-Hoc|iPhone.ActiveCfg = Debug|Any CPU
		{687D7F4C-D961-4A39-9FB5-09D108B50A6C}.Ad-Hoc|iPhone.Build.0 = Debug|Any CPU
		{687D7F4C-D961-4A39-9FB5-09D108B50A6C}.Ad-Hoc|iPhoneSimulator.ActiveCfg = Debug|Any CPU
		{687D7F4C-D961-4A39-9FB5-09D108B50A6C}.Ad-Hoc|iPhoneSimulator.Build.0 = Debug|Any CPU
		{687D7F4C-D961-4A39-9FB5-09D108B50A6C}.Ad-Hoc|x64.ActiveCfg = Debug|Any CPU
		{687D7F4C-D961-4A39-9FB5-09D108B50A6C}.Ad-Hoc|x64.Build.0 = Debug|Any CPU
		{687D7F4C-D961-4A39-9FB5-09D108B50A6C}.Ad-Hoc|x86.ActiveCfg = Debug|Any CPU
		{687D7F4C-D961-4A39-9FB5-09D108B50A6C}.Ad-Hoc|x86.Build.0 = Debug|Any CPU
		{687D7F4C-D961-4A39-9FB5-09D108B50A6C}.AppStore|Any CPU.ActiveCfg = Debug|Any CPU
		{687D7F4C-D961-4A39-9FB5-09D108B50A6C}.AppStore|Any CPU.Build.0 = Debug|Any CPU
		{687D7F4C-D961-4A39-9FB5-09D108B50A6C}.AppStore|ARM.ActiveCfg = Debug|Any CPU
		{687D7F4C-D961-4A39-9FB5-09D108B50A6C}.AppStore|ARM.Build.0 = Debug|Any CPU
		{687D7F4C-D961-4A39-9FB5-09D108B50A6C}.AppStore|ARM64.ActiveCfg = Debug|Any CPU
		{687D7F4C-D961-4A39-9FB5-09D108B50A6C}.AppStore|ARM64.Build.0 = Debug|Any CPU
		{687D7F4C-D961-4A39-9FB5-09D108B50A6C}.AppStore|iPhone.ActiveCfg = Debug|Any CPU
		{687D7F4C-D961-4A39-9FB5-09D108B50A6C}.AppStore|iPhone.Build.0 = Debug|Any CPU
		{687D7F4C-D961-4A39-9FB5-09D108B50A6C}.AppStore|iPhoneSimulator.ActiveCfg = Debug|Any CPU
		{687D7F4C-D961-4A39-9FB5-09D108B50A6C}.AppStore|iPhoneSimulator.Build.0 = Debug|Any CPU
		{687D7F4C-D961-4A39-9FB5-09D108B50A6C}.AppStore|x64.ActiveCfg = Debug|Any CPU
		{687D7F4C-D961-4A39-9FB5-09D108B50A6C}.AppStore|x64.Build.0 = Debug|Any CPU
		{687D7F4C-D961-4A39-9FB5-09D108B50A6C}.AppStore|x86.ActiveCfg = Debug|Any CPU
		{687D7F4C-D961-4A39-9FB5-09D108B50A6C}.AppStore|x86.Build.0 = Debug|Any CPU
		{687D7F4C-D961-4A39-9FB5-09D108B50A6C}.Debug|Any CPU.ActiveCfg = Debug|Any CPU
		{687D7F4C-D961-4A39-9FB5-09D108B50A6C}.Debug|Any CPU.Build.0 = Debug|Any CPU
		{687D7F4C-D961-4A39-9FB5-09D108B50A6C}.Debug|ARM.ActiveCfg = Debug|Any CPU
		{687D7F4C-D961-4A39-9FB5-09D108B50A6C}.Debug|ARM.Build.0 = Debug|Any CPU
		{687D7F4C-D961-4A39-9FB5-09D108B50A6C}.Debug|ARM64.ActiveCfg = Debug|Any CPU
		{687D7F4C-D961-4A39-9FB5-09D108B50A6C}.Debug|ARM64.Build.0 = Debug|Any CPU
		{687D7F4C-D961-4A39-9FB5-09D108B50A6C}.Debug|iPhone.ActiveCfg = Debug|Any CPU
		{687D7F4C-D961-4A39-9FB5-09D108B50A6C}.Debug|iPhone.Build.0 = Debug|Any CPU
		{687D7F4C-D961-4A39-9FB5-09D108B50A6C}.Debug|iPhoneSimulator.ActiveCfg = Debug|Any CPU
		{687D7F4C-D961-4A39-9FB5-09D108B50A6C}.Debug|iPhoneSimulator.Build.0 = Debug|Any CPU
		{687D7F4C-D961-4A39-9FB5-09D108B50A6C}.Debug|x64.ActiveCfg = Debug|Any CPU
		{687D7F4C-D961-4A39-9FB5-09D108B50A6C}.Debug|x64.Build.0 = Debug|Any CPU
		{687D7F4C-D961-4A39-9FB5-09D108B50A6C}.Debug|x86.ActiveCfg = Debug|Any CPU
		{687D7F4C-D961-4A39-9FB5-09D108B50A6C}.Debug|x86.Build.0 = Debug|Any CPU
		{687D7F4C-D961-4A39-9FB5-09D108B50A6C}.Release|Any CPU.ActiveCfg = Release|Any CPU
		{687D7F4C-D961-4A39-9FB5-09D108B50A6C}.Release|Any CPU.Build.0 = Release|Any CPU
		{687D7F4C-D961-4A39-9FB5-09D108B50A6C}.Release|ARM.ActiveCfg = Release|Any CPU
		{687D7F4C-D961-4A39-9FB5-09D108B50A6C}.Release|ARM.Build.0 = Release|Any CPU
		{687D7F4C-D961-4A39-9FB5-09D108B50A6C}.Release|ARM64.ActiveCfg = Release|Any CPU
		{687D7F4C-D961-4A39-9FB5-09D108B50A6C}.Release|ARM64.Build.0 = Release|Any CPU
		{687D7F4C-D961-4A39-9FB5-09D108B50A6C}.Release|iPhone.ActiveCfg = Release|Any CPU
		{687D7F4C-D961-4A39-9FB5-09D108B50A6C}.Release|iPhone.Build.0 = Release|Any CPU
		{687D7F4C-D961-4A39-9FB5-09D108B50A6C}.Release|iPhoneSimulator.ActiveCfg = Release|Any CPU
		{687D7F4C-D961-4A39-9FB5-09D108B50A6C}.Release|iPhoneSimulator.Build.0 = Release|Any CPU
		{687D7F4C-D961-4A39-9FB5-09D108B50A6C}.Release|x64.ActiveCfg = Release|Any CPU
		{687D7F4C-D961-4A39-9FB5-09D108B50A6C}.Release|x64.Build.0 = Release|Any CPU
		{687D7F4C-D961-4A39-9FB5-09D108B50A6C}.Release|x86.ActiveCfg = Release|Any CPU
		{687D7F4C-D961-4A39-9FB5-09D108B50A6C}.Release|x86.Build.0 = Release|Any CPU
		{B9DA19B2-9CD5-4E0A-A3C2-9BC4FEBAEEA5}.Ad-Hoc|Any CPU.ActiveCfg = Debug|Any CPU
		{B9DA19B2-9CD5-4E0A-A3C2-9BC4FEBAEEA5}.Ad-Hoc|Any CPU.Build.0 = Debug|Any CPU
		{B9DA19B2-9CD5-4E0A-A3C2-9BC4FEBAEEA5}.Ad-Hoc|ARM.ActiveCfg = Debug|Any CPU
		{B9DA19B2-9CD5-4E0A-A3C2-9BC4FEBAEEA5}.Ad-Hoc|ARM.Build.0 = Debug|Any CPU
		{B9DA19B2-9CD5-4E0A-A3C2-9BC4FEBAEEA5}.Ad-Hoc|ARM64.ActiveCfg = Debug|Any CPU
		{B9DA19B2-9CD5-4E0A-A3C2-9BC4FEBAEEA5}.Ad-Hoc|ARM64.Build.0 = Debug|Any CPU
		{B9DA19B2-9CD5-4E0A-A3C2-9BC4FEBAEEA5}.Ad-Hoc|iPhone.ActiveCfg = Debug|Any CPU
		{B9DA19B2-9CD5-4E0A-A3C2-9BC4FEBAEEA5}.Ad-Hoc|iPhone.Build.0 = Debug|Any CPU
		{B9DA19B2-9CD5-4E0A-A3C2-9BC4FEBAEEA5}.Ad-Hoc|iPhoneSimulator.ActiveCfg = Debug|Any CPU
		{B9DA19B2-9CD5-4E0A-A3C2-9BC4FEBAEEA5}.Ad-Hoc|iPhoneSimulator.Build.0 = Debug|Any CPU
		{B9DA19B2-9CD5-4E0A-A3C2-9BC4FEBAEEA5}.Ad-Hoc|x64.ActiveCfg = Debug|Any CPU
		{B9DA19B2-9CD5-4E0A-A3C2-9BC4FEBAEEA5}.Ad-Hoc|x64.Build.0 = Debug|Any CPU
		{B9DA19B2-9CD5-4E0A-A3C2-9BC4FEBAEEA5}.Ad-Hoc|x86.ActiveCfg = Debug|Any CPU
		{B9DA19B2-9CD5-4E0A-A3C2-9BC4FEBAEEA5}.Ad-Hoc|x86.Build.0 = Debug|Any CPU
		{B9DA19B2-9CD5-4E0A-A3C2-9BC4FEBAEEA5}.AppStore|Any CPU.ActiveCfg = Debug|Any CPU
		{B9DA19B2-9CD5-4E0A-A3C2-9BC4FEBAEEA5}.AppStore|Any CPU.Build.0 = Debug|Any CPU
		{B9DA19B2-9CD5-4E0A-A3C2-9BC4FEBAEEA5}.AppStore|ARM.ActiveCfg = Debug|Any CPU
		{B9DA19B2-9CD5-4E0A-A3C2-9BC4FEBAEEA5}.AppStore|ARM.Build.0 = Debug|Any CPU
		{B9DA19B2-9CD5-4E0A-A3C2-9BC4FEBAEEA5}.AppStore|ARM64.ActiveCfg = Debug|Any CPU
		{B9DA19B2-9CD5-4E0A-A3C2-9BC4FEBAEEA5}.AppStore|ARM64.Build.0 = Debug|Any CPU
		{B9DA19B2-9CD5-4E0A-A3C2-9BC4FEBAEEA5}.AppStore|iPhone.ActiveCfg = Debug|Any CPU
		{B9DA19B2-9CD5-4E0A-A3C2-9BC4FEBAEEA5}.AppStore|iPhone.Build.0 = Debug|Any CPU
		{B9DA19B2-9CD5-4E0A-A3C2-9BC4FEBAEEA5}.AppStore|iPhoneSimulator.ActiveCfg = Debug|Any CPU
		{B9DA19B2-9CD5-4E0A-A3C2-9BC4FEBAEEA5}.AppStore|iPhoneSimulator.Build.0 = Debug|Any CPU
		{B9DA19B2-9CD5-4E0A-A3C2-9BC4FEBAEEA5}.AppStore|x64.ActiveCfg = Debug|Any CPU
		{B9DA19B2-9CD5-4E0A-A3C2-9BC4FEBAEEA5}.AppStore|x64.Build.0 = Debug|Any CPU
		{B9DA19B2-9CD5-4E0A-A3C2-9BC4FEBAEEA5}.AppStore|x86.ActiveCfg = Debug|Any CPU
		{B9DA19B2-9CD5-4E0A-A3C2-9BC4FEBAEEA5}.AppStore|x86.Build.0 = Debug|Any CPU
		{B9DA19B2-9CD5-4E0A-A3C2-9BC4FEBAEEA5}.Debug|Any CPU.ActiveCfg = Debug|Any CPU
		{B9DA19B2-9CD5-4E0A-A3C2-9BC4FEBAEEA5}.Debug|Any CPU.Build.0 = Debug|Any CPU
		{B9DA19B2-9CD5-4E0A-A3C2-9BC4FEBAEEA5}.Debug|ARM.ActiveCfg = Debug|Any CPU
		{B9DA19B2-9CD5-4E0A-A3C2-9BC4FEBAEEA5}.Debug|ARM.Build.0 = Debug|Any CPU
		{B9DA19B2-9CD5-4E0A-A3C2-9BC4FEBAEEA5}.Debug|ARM64.ActiveCfg = Debug|Any CPU
		{B9DA19B2-9CD5-4E0A-A3C2-9BC4FEBAEEA5}.Debug|ARM64.Build.0 = Debug|Any CPU
		{B9DA19B2-9CD5-4E0A-A3C2-9BC4FEBAEEA5}.Debug|iPhone.ActiveCfg = Debug|Any CPU
		{B9DA19B2-9CD5-4E0A-A3C2-9BC4FEBAEEA5}.Debug|iPhone.Build.0 = Debug|Any CPU
		{B9DA19B2-9CD5-4E0A-A3C2-9BC4FEBAEEA5}.Debug|iPhoneSimulator.ActiveCfg = Debug|Any CPU
		{B9DA19B2-9CD5-4E0A-A3C2-9BC4FEBAEEA5}.Debug|iPhoneSimulator.Build.0 = Debug|Any CPU
		{B9DA19B2-9CD5-4E0A-A3C2-9BC4FEBAEEA5}.Debug|x64.ActiveCfg = Debug|Any CPU
		{B9DA19B2-9CD5-4E0A-A3C2-9BC4FEBAEEA5}.Debug|x64.Build.0 = Debug|Any CPU
		{B9DA19B2-9CD5-4E0A-A3C2-9BC4FEBAEEA5}.Debug|x86.ActiveCfg = Debug|Any CPU
		{B9DA19B2-9CD5-4E0A-A3C2-9BC4FEBAEEA5}.Debug|x86.Build.0 = Debug|Any CPU
		{B9DA19B2-9CD5-4E0A-A3C2-9BC4FEBAEEA5}.Release|Any CPU.ActiveCfg = Release|Any CPU
		{B9DA19B2-9CD5-4E0A-A3C2-9BC4FEBAEEA5}.Release|Any CPU.Build.0 = Release|Any CPU
		{B9DA19B2-9CD5-4E0A-A3C2-9BC4FEBAEEA5}.Release|ARM.ActiveCfg = Release|Any CPU
		{B9DA19B2-9CD5-4E0A-A3C2-9BC4FEBAEEA5}.Release|ARM.Build.0 = Release|Any CPU
		{B9DA19B2-9CD5-4E0A-A3C2-9BC4FEBAEEA5}.Release|ARM64.ActiveCfg = Release|Any CPU
		{B9DA19B2-9CD5-4E0A-A3C2-9BC4FEBAEEA5}.Release|ARM64.Build.0 = Release|Any CPU
		{B9DA19B2-9CD5-4E0A-A3C2-9BC4FEBAEEA5}.Release|iPhone.ActiveCfg = Release|Any CPU
		{B9DA19B2-9CD5-4E0A-A3C2-9BC4FEBAEEA5}.Release|iPhone.Build.0 = Release|Any CPU
		{B9DA19B2-9CD5-4E0A-A3C2-9BC4FEBAEEA5}.Release|iPhoneSimulator.ActiveCfg = Release|Any CPU
		{B9DA19B2-9CD5-4E0A-A3C2-9BC4FEBAEEA5}.Release|iPhoneSimulator.Build.0 = Release|Any CPU
		{B9DA19B2-9CD5-4E0A-A3C2-9BC4FEBAEEA5}.Release|x64.ActiveCfg = Release|Any CPU
		{B9DA19B2-9CD5-4E0A-A3C2-9BC4FEBAEEA5}.Release|x64.Build.0 = Release|Any CPU
		{B9DA19B2-9CD5-4E0A-A3C2-9BC4FEBAEEA5}.Release|x86.ActiveCfg = Release|Any CPU
		{B9DA19B2-9CD5-4E0A-A3C2-9BC4FEBAEEA5}.Release|x86.Build.0 = Release|Any CPU
	EndGlobalSection
	GlobalSection(SolutionProperties) = preSolution
		HideSolutionNode = FALSE
	EndGlobalSection
	GlobalSection(NestedProjects) = preSolution
		{293B4B2B-415E-471A-992F-D63D699C8779} = {D8ACCE3C-58CD-4333-A19A-56F4E3803D97}
		{7A1C3D17-35B9-4680-8E8A-0C37850B38FB} = {D8ACCE3C-58CD-4333-A19A-56F4E3803D97}
		{31F2B0D7-219C-48C6-AC36-C952A0DC42D8} = {D8ACCE3C-58CD-4333-A19A-56F4E3803D97}
		{10D1D5F0-A0D1-442E-8E60-406A42A399CB} = {D8ACCE3C-58CD-4333-A19A-56F4E3803D97}
		{ED54417D-6F38-448E-8B49-CB01B8821E10} = {D8ACCE3C-58CD-4333-A19A-56F4E3803D97}
		{9BB2092A-210A-4BEF-9E6E-EC8BD326B9A4} = {D8ACCE3C-58CD-4333-A19A-56F4E3803D97}
		{1019E403-7723-4FFD-BB77-8B16759AC9D3} = {D8ACCE3C-58CD-4333-A19A-56F4E3803D97}
		{687D7F4C-D961-4A39-9FB5-09D108B50A6C} = {D8ACCE3C-58CD-4333-A19A-56F4E3803D97}
		{B9DA19B2-9CD5-4E0A-A3C2-9BC4FEBAEEA5} = {D8ACCE3C-58CD-4333-A19A-56F4E3803D97}
	EndGlobalSection
	GlobalSection(ExtensibilityGlobals) = postSolution
		SolutionGuid = {B697AA91-38C5-4BDB-97A7-66C2258CCC83}
	EndGlobalSection
EndGlobal
